<?xml version="1.0" encoding="utf-8"?>
<Project ToolsVersion="4.0" xmlns="http://schemas.microsoft.com/developer/msbuild/2003">
  <ItemGroup>
    <ClCompile Include="source\CHBMain.cpp" />
    <ClCompile Include="source\AuthProcessor.cpp">
      <Filter>sockets</Filter>
    </ClCompile>
    <ClCompile Include="source\BaseSocket.cpp">
      <Filter>sockets</Filter>
    </ClCompile>
    <ClCompile Include="source\MainSocket.cpp">
      <Filter>sockets</Filter>
    </ClCompile>
    <ClCompile Include="source\Auth\BigNumber.cpp">
      <Filter>auth</Filter>
    </ClCompile>
    <ClCompile Include="source\CommandLineHandler.cpp" />
    <ClCompile Include="source\Session.cpp" />
    <ClCompile Include="source\ChatModule.cpp">
      <Filter>modules</Filter>
    </ClCompile>
    <ClCompile Include="source\Database.cpp">
      <Filter>modules</Filter>
    </ClCompile>
    <ClCompile Include="source\LoginModule.cpp">
      <Filter>modules</Filter>
    </ClCompile>
    <ClCompile Include="source\SocialModule.cpp">
      <Filter>modules</Filter>
    </ClCompile>
    <ClCompile Include="source\Auth\MySha.cpp">
      <Filter>auth</Filter>
    </ClCompile>
  </ItemGroup>
  <ItemGroup>
    <ClInclude Include="source\base_defs.h" />
    <ClInclude Include="source\iopackets.h" />
    <ClInclude Include="source\Util.h" />
    <ClInclude Include="source\AuthProcessor.h">
      <Filter>sockets</Filter>
    </ClInclude>
    <ClInclude Include="source\BaseSocket.h">
      <Filter>sockets</Filter>
    </ClInclude>
    <ClInclude Include="source\MainSocket.h">
      <Filter>sockets</Filter>
    </ClInclude>
    <ClInclude Include="source\Auth\BigNumber.h">
      <Filter>auth</Filter>
    </ClInclude>
    <ClInclude Include="source\Auth\bn.h">
      <Filter>auth</Filter>
    </ClInclude>
    <ClInclude Include="source\Auth\e_os2.h">
      <Filter>auth</Filter>
    </ClInclude>
    <ClInclude Include="source\Auth\opensslconf.h">
      <Filter>auth</Filter>
    </ClInclude>
    <ClInclude Include="source\Auth\ossl_typ.h">
      <Filter>auth</Filter>
    </ClInclude>
    <ClInclude Include="source\CHBMain.h" />
    <ClInclude Include="source\Session.h" />
    <ClInclude Include="source\ChatModule.h">
      <Filter>modules</Filter>
    </ClInclude>
    <ClInclude Include="source\Database.h">
      <Filter>modules</Filter>
    </ClInclude>
    <ClInclude Include="source\LoginModule.h">
      <Filter>modules</Filter>
    </ClInclude>
    <ClInclude Include="source\SocialModule.h">
      <Filter>modules</Filter>
    </ClInclude>
    <ClInclude Include="source\Module.h">
      <Filter>modules</Filter>
    </ClInclude>
    <ClInclude Include="source\Auth\MySha.h">
      <Filter>auth</Filter>
    </ClInclude>
  </ItemGroup>
  <ItemGroup>
    <Filter Include="sockets">
      <UniqueIdentifier>{6bf4cf53-1cce-45fb-973c-ded3956a9e3d}</UniqueIdentifier>
    </Filter>
    <Filter Include="auth">
      <UniqueIdentifier>{7b3b9d40-b935-4436-a2b4-173831e72235}</UniqueIdentifier>
    </Filter>
    <Filter Include="modules">
      <UniqueIdentifier>{c130a5fe-8df1-497e-86e1-9c9f8ab35208}</UniqueIdentifier>
    </Filter>
  </ItemGroup>
</Project>